{
  "lockfileVersion": 1,
  "configVersion": 0,
  "workspaces": {
    "": {
      "name": "idiolect-workspace",
      "devDependencies": {
        "@biomejs/biome": "2.3.0",
        "typescript": "5.7.3",
      },
    },
    "packages/schema": {
      "name": "@idiolect-dev/schema",
      "version": "0.1.0",
      "dependencies": {
        "@atproto/lexicon": "0.4.8",
        "@atproto/syntax": "0.3.4",
      },
      "devDependencies": {
        "@types/bun": "1.2.2",
        "typescript": "5.7.3",
      },
      "peerDependencies": {
        "typescript": ">=5.5",
      },
    },
  },
  "packages": {
    "@atproto/common-web": ["@atproto/common-web@0.4.21", "", { "dependencies": { "@atproto/lex-data": "^0.0.15", "@atproto/lex-json": "^0.0.16", "@atproto/syntax": "^0.5.4", "zod": "^3.23.8" } }, "sha512-Odq+wdk3YNasGCjjlpl3bCIPvqYHige5DLfMkIffNv/2PI/iIj5ZvAvMvJlJ59OhReKSxtpI0invx5UQPc3+fw=="],

    "@atproto/lex-data": ["@atproto/lex-data@0.0.15", "", { "dependencies": { "multiformats": "^9.9.0", "tslib": "^2.8.1", "uint8arrays": "3.0.0", "unicode-segmenter": "^0.14.0" } }, "sha512-ZsbGiaM5S3CnGrcTMbDGON3bLZzCi/Mx9UvcMREKSRujnF68eHgMiXxJqvykP7+QpOX6tYCK93axZkuJVhtSEw=="],

    "@atproto/lex-json": ["@atproto/lex-json@0.0.16", "", { "dependencies": { "@atproto/lex-data": "^0.0.15", "tslib": "^2.8.1" } }, "sha512-IgLgQ0krshVlrIYZ+heTBDbCnM3LmAgWvsaYn5MxvKA3LcBot3PG3ptdO8VOweVZ+WgCLuo39cz9EbUmIbqdtg=="],

    "@atproto/lexicon": ["@atproto/lexicon@0.4.8", "", { "dependencies": { "@atproto/common-web": "^0.4.0", "@atproto/syntax": "^0.3.4", "iso-datestring-validator": "^2.2.2", "multiformats": "^9.9.0", "zod": "^3.23.8" } }, "sha512-NPhu4MNHqft4muvHvcU0BrkWoEpTI+OmbQzvZzzRpw54MW3PfrQ4TPEpAfPOrWugPB9y4mD+l8OMN1c9eOGWMQ=="],

    "@atproto/syntax": ["@atproto/syntax@0.3.4", "", {}, "sha512-8CNmi5DipOLaVeSMPggMe7FCksVag0aO6XZy9WflbduTKM4dFZVCs4686UeMLfGRXX+X966XgwECHoLYrovMMg=="],

    "@biomejs/biome": ["@biomejs/biome@2.3.0", "", { "optionalDependencies": { "@biomejs/cli-darwin-arm64": "2.3.0", "@biomejs/cli-darwin-x64": "2.3.0", "@biomejs/cli-linux-arm64": "2.3.0", "@biomejs/cli-linux-arm64-musl": "2.3.0", "@biomejs/cli-linux-x64": "2.3.0", "@biomejs/cli-linux-x64-musl": "2.3.0", "@biomejs/cli-win32-arm64": "2.3.0", "@biomejs/cli-win32-x64": "2.3.0" }, "bin": { "biome": "bin/biome" } }, "sha512-shdUY5H3S3tJVUWoVWo5ua+GdPW5lRHf+b0IwZ4OC1o2zOKQECZ6l2KbU6t89FNhtd3Qx5eg5N7/UsQWGQbAFw=="],

    "@biomejs/cli-darwin-arm64": ["@biomejs/cli-darwin-arm64@2.3.0", "", { "os": "darwin", "cpu": "arm64" }, "sha512-3cJVT0Z5pbTkoBmbjmDZTDFYxIkRcrs9sYVJbIBHU8E6qQxgXAaBfSVjjCreG56rfDuQBr43GzwzmaHPcu4vlw=="],

    "@biomejs/cli-darwin-x64": ["@biomejs/cli-darwin-x64@2.3.0", "", { "os": "darwin", "cpu": "x64" }, "sha512-6LIkhglh3UGjuDqJXsK42qCA0XkD1Ke4K/raFOii7QQPbM8Pia7Qj2Hji4XuF2/R78hRmEx7uKJH3t/Y9UahtQ=="],

    "@biomejs/cli-linux-arm64": ["@biomejs/cli-linux-arm64@2.3.0", "", { "os": "linux", "cpu": "arm64" }, "sha512-uhAsbXySX7xsXahegDg5h3CDgfMcRsJvWLFPG0pjkylgBb9lErbK2C0UINW52zhwg0cPISB09lxHPxCau4e2xA=="],

    "@biomejs/cli-linux-arm64-musl": ["@biomejs/cli-linux-arm64-musl@2.3.0", "", { "os": "linux", "cpu": "arm64" }, "sha512-nDksoFdwZ2YrE7NiYDhtMhL2UgFn8Kb7Y0bYvnTAakHnqEdb4lKindtBc1f+xg2Snz0JQhJUYO7r9CDBosRU5w=="],

    "@biomejs/cli-linux-x64": ["@biomejs/cli-linux-x64@2.3.0", "", { "os": "linux", "cpu": "x64" }, "sha512-uxa8reA2s1VgoH8MhbGlCmMOt3JuSE1vJBifkh1ulaPiuk0SPx8cCdpnm9NWnTe2x/LfWInWx4sZ7muaXTPGGw=="],

    "@biomejs/cli-linux-x64-musl": ["@biomejs/cli-linux-x64-musl@2.3.0", "", { "os": "linux", "cpu": "x64" }, "sha512-+i9UcJwl99uAhtRQDz9jUAh+Xkb097eekxs/D9j4deWDg5/yB/jPWzISe1nBHvlzTXsdUSj0VvB4Go2DSpKIMw=="],

    "@biomejs/cli-win32-arm64": ["@biomejs/cli-win32-arm64@2.3.0", "", { "os": "win32", "cpu": "arm64" }, "sha512-ynjmsJLIKrAjC3CCnKMMhzcnNy8dbQWjKfSU5YA0mIruTxBNMbkAJp+Pr2iV7/hFou+66ZSD/WV8hmLEmhUaXA=="],

    "@biomejs/cli-win32-x64": ["@biomejs/cli-win32-x64@2.3.0", "", { "os": "win32", "cpu": "x64" }, "sha512-zOCYmCRVkWXc9v8P7OLbLlGGMxQTKMvi+5IC4v7O8DkjLCOHRzRVK/Lno2pGZNo0lzKM60pcQOhH8HVkXMQdFg=="],

    "@idiolect-dev/schema": ["@idiolect-dev/schema@workspace:packages/schema"],

    "@types/bun": ["@types/bun@1.2.2", "", { "dependencies": { "bun-types": "1.2.2" } }, "sha512-tr74gdku+AEDN5ergNiBnplr7hpDp3V1h7fqI2GcR/rsUaM39jpSeKH0TFibRvU0KwniRx5POgaYnaXbk0hU+w=="],

    "@types/node": ["@types/node@25.6.0", "", { "dependencies": { "undici-types": "~7.19.0" } }, "sha512-+qIYRKdNYJwY3vRCZMdJbPLJAtGjQBudzZzdzwQYkEPQd+PJGixUL5QfvCLDaULoLv+RhT3LDkwEfKaAkgSmNQ=="],

    "@types/ws": ["@types/ws@8.5.14", "", { "dependencies": { "@types/node": "*" } }, "sha512-bd/YFLW+URhBzMXurx7lWByOu+xzU9+kb3RboOteXYDfW+tr+JZa99OyNmPINEGB/ahzKrEuc8rcv4gnpJmxTw=="],

    "bun-types": ["bun-types@1.2.2", "", { "dependencies": { "@types/node": "*", "@types/ws": "~8.5.10" } }, "sha512-RCbMH5elr9gjgDGDhkTTugA21XtJAy/9jkKe/G3WR2q17VPGhcquf9Sir6uay9iW+7P/BV0CAHA1XlHXMAVKHg=="],

    "iso-datestring-validator": ["iso-datestring-validator@2.2.2", "", {}, "sha512-yLEMkBbLZTlVQqOnQ4FiMujR6T4DEcCb1xizmvXS+OxuhwcbtynoosRzdMA69zZCShCNAbi+gJ71FxZBBXx1SA=="],

    "multiformats": ["multiformats@9.9.0", "", {}, "sha512-HoMUjhH9T8DDBNT+6xzkrd9ga/XiBI4xLr58LJACwK6G3HTOPeMz4nB4KJs33L2BelrIJa7P0VuNaVF3hMYfjg=="],

    "tslib": ["tslib@2.8.1", "", {}, "sha512-oJFu94HQb+KVduSUQL7wnpmqnfmLsOA/nAh6b6EH0wCEoK0/mPeXU6c3wKDV83MkOuHPRHtSXKKU99IBazS/2w=="],

    "typescript": ["typescript@5.7.3", "", { "bin": { "tsc": "bin/tsc", "tsserver": "bin/tsserver" } }, "sha512-84MVSjMEHP+FQRPy3pX9sTVV/INIex71s9TL2Gm5FG/WG1SqXeKyZ0k7/blY/4FdOzI12CBy1vGc4og/eus0fw=="],

    "uint8arrays": ["uint8arrays@3.0.0", "", { "dependencies": { "multiformats": "^9.4.2" } }, "sha512-HRCx0q6O9Bfbp+HHSfQQKD7wU70+lydKVt4EghkdOvlK/NlrF90z+eXV34mUd48rNvVJXwkrMSPpCATkct8fJA=="],

    "undici-types": ["undici-types@7.19.2", "", {}, "sha512-qYVnV5OEm2AW8cJMCpdV20CDyaN3g0AjDlOGf1OW4iaDEx8MwdtChUp4zu4H0VP3nDRF/8RKWH+IPp9uW0YGZg=="],

    "unicode-segmenter": ["unicode-segmenter@0.14.5", "", {}, "sha512-jHGmj2LUuqDcX3hqY12Ql+uhUTn8huuxNZGq7GvtF6bSybzH3aFgedYu/KTzQStEgt1Ra2F3HxadNXsNjb3m3g=="],

    "zod": ["zod@3.25.76", "", {}, "sha512-gzUt/qt81nXsFGKIFcC3YnfEAx5NkunCfnDlvuBSSFS02bcXu4Lmea0AFIUwbLWxWPx3d9p8S5QoaujKcNQxcQ=="],

    "@atproto/common-web/@atproto/syntax": ["@atproto/syntax@0.5.4", "", { "dependencies": { "tslib": "^2.8.1" } }, "sha512-9XJOpMAgsGFxMEIp8nJ8AIWv+krrY1xQMj+wULbbXhQztQV+9aZ0TbG9Jtn3Op2or8Kr6OqyWR4ga9Z189kKDw=="],
  }
}
