{
  "name": "idiolect-workspace",
  "version": "0.1.0",
  "lockfileVersion": 3,
  "requires": true,
  "packages": {
    "": {
      "name": "idiolect-workspace",
      "version": "0.1.0",
      "license": "MIT",
      "workspaces": [
        "packages/*"
      ],
      "devDependencies": {
        "@biomejs/biome": "2.3.0",
        "typescript": "5.7.3"
      },
      "engines": {
        "bun": ">=1.2.0"
      }
    },
    "node_modules/@atproto/common-web": {
      "version": "0.4.21",
      "resolved": "https://registry.npmjs.org/@atproto/common-web/-/common-web-0.4.21.tgz",
      "integrity": "sha512-Odq+wdk3YNasGCjjlpl3bCIPvqYHige5DLfMkIffNv/2PI/iIj5ZvAvMvJlJ59OhReKSxtpI0invx5UQPc3+fw==",
      "license": "MIT",
      "dependencies": {
        "@atproto/lex-data": "^0.0.15",
        "@atproto/lex-json": "^0.0.16",
        "@atproto/syntax": "^0.5.4",
        "zod": "^3.23.8"
      }
    },
    "node_modules/@atproto/common-web/node_modules/@atproto/syntax": {
      "version": "0.5.4",
      "resolved": "https://registry.npmjs.org/@atproto/syntax/-/syntax-0.5.4.tgz",
      "integrity": "sha512-9XJOpMAgsGFxMEIp8nJ8AIWv+krrY1xQMj+wULbbXhQztQV+9aZ0TbG9Jtn3Op2or8Kr6OqyWR4ga9Z189kKDw==",
      "license": "MIT",
      "dependencies": {
        "tslib": "^2.8.1"
      }
    },
    "node_modules/@atproto/lex-data": {
      "version": "0.0.15",
      "resolved": "https://registry.npmjs.org/@atproto/lex-data/-/lex-data-0.0.15.tgz",
      "integrity": "sha512-ZsbGiaM5S3CnGrcTMbDGON3bLZzCi/Mx9UvcMREKSRujnF68eHgMiXxJqvykP7+QpOX6tYCK93axZkuJVhtSEw==",
      "license": "MIT",
      "dependencies": {
        "multiformats": "^9.9.0",
        "tslib": "^2.8.1",
        "uint8arrays": "3.0.0",
        "unicode-segmenter": "^0.14.0"
      }
    },
    "node_modules/@atproto/lex-json": {
      "version": "0.0.16",
      "resolved": "https://registry.npmjs.org/@atproto/lex-json/-/lex-json-0.0.16.tgz",
      "integrity": "sha512-IgLgQ0krshVlrIYZ+heTBDbCnM3LmAgWvsaYn5MxvKA3LcBot3PG3ptdO8VOweVZ+WgCLuo39cz9EbUmIbqdtg==",
      "license": "MIT",
      "dependencies": {
        "@atproto/lex-data": "^0.0.15",
        "tslib": "^2.8.1"
      }
    },
    "node_modules/@atproto/lexicon": {
      "version": "0.4.8",
      "resolved": "https://registry.npmjs.org/@atproto/lexicon/-/lexicon-0.4.8.tgz",
      "integrity": "sha512-NPhu4MNHqft4muvHvcU0BrkWoEpTI+OmbQzvZzzRpw54MW3PfrQ4TPEpAfPOrWugPB9y4mD+l8OMN1c9eOGWMQ==",
      "license": "MIT",
      "dependencies": {
        "@atproto/common-web": "^0.4.0",
        "@atproto/syntax": "^0.3.4",
        "iso-datestring-validator": "^2.2.2",
        "multiformats": "^9.9.0",
        "zod": "^3.23.8"
      }
    },
    "node_modules/@atproto/syntax": {
      "version": "0.3.4",
      "resolved": "https://registry.npmjs.org/@atproto/syntax/-/syntax-0.3.4.tgz",
      "integrity": "sha512-8CNmi5DipOLaVeSMPggMe7FCksVag0aO6XZy9WflbduTKM4dFZVCs4686UeMLfGRXX+X966XgwECHoLYrovMMg==",
      "license": "MIT"
    },
    "node_modules/@biomejs/biome": {
      "version": "2.3.0",
      "resolved": "https://registry.npmjs.org/@biomejs/biome/-/biome-2.3.0.tgz",
      "integrity": "sha512-shdUY5H3S3tJVUWoVWo5ua+GdPW5lRHf+b0IwZ4OC1o2zOKQECZ6l2KbU6t89FNhtd3Qx5eg5N7/UsQWGQbAFw==",
      "dev": true,
      "license": "MIT OR Apache-2.0",
      "bin": {
        "biome": "bin/biome"
      },
      "engines": {
        "node": ">=14.21.3"
      },
      "funding": {
        "type": "opencollective",
        "url": "https://opencollective.com/biome"
      },
      "optionalDependencies": {
        "@biomejs/cli-darwin-arm64": "2.3.0",
        "@biomejs/cli-darwin-x64": "2.3.0",
        "@biomejs/cli-linux-arm64": "2.3.0",
        "@biomejs/cli-linux-arm64-musl": "2.3.0",
        "@biomejs/cli-linux-x64": "2.3.0",
        "@biomejs/cli-linux-x64-musl": "2.3.0",
        "@biomejs/cli-win32-arm64": "2.3.0",
        "@biomejs/cli-win32-x64": "2.3.0"
      }
    },
    "node_modules/@biomejs/cli-darwin-arm64": {
      "version": "2.3.0",
      "resolved": "https://registry.npmjs.org/@biomejs/cli-darwin-arm64/-/cli-darwin-arm64-2.3.0.tgz",
      "integrity": "sha512-3cJVT0Z5pbTkoBmbjmDZTDFYxIkRcrs9sYVJbIBHU8E6qQxgXAaBfSVjjCreG56rfDuQBr43GzwzmaHPcu4vlw==",
      "cpu": [
        "arm64"
      ],
      "dev": true,
      "license": "MIT OR Apache-2.0",
      "optional": true,
      "os": [
        "darwin"
      ],
      "engines": {
        "node": ">=14.21.3"
      }
    },
    "node_modules/@biomejs/cli-darwin-x64": {
      "version": "2.3.0",
      "resolved": "https://registry.npmjs.org/@biomejs/cli-darwin-x64/-/cli-darwin-x64-2.3.0.tgz",
      "integrity": "sha512-6LIkhglh3UGjuDqJXsK42qCA0XkD1Ke4K/raFOii7QQPbM8Pia7Qj2Hji4XuF2/R78hRmEx7uKJH3t/Y9UahtQ==",
      "cpu": [
        "x64"
      ],
      "dev": true,
      "license": "MIT OR Apache-2.0",
      "optional": true,
      "os": [
        "darwin"
      ],
      "engines": {
        "node": ">=14.21.3"
      }
    },
    "node_modules/@biomejs/cli-linux-arm64": {
      "version": "2.3.0",
      "resolved": "https://registry.npmjs.org/@biomejs/cli-linux-arm64/-/cli-linux-arm64-2.3.0.tgz",
      "integrity": "sha512-uhAsbXySX7xsXahegDg5h3CDgfMcRsJvWLFPG0pjkylgBb9lErbK2C0UINW52zhwg0cPISB09lxHPxCau4e2xA==",
      "cpu": [
        "arm64"
      ],
      "dev": true,
      "license": "MIT OR Apache-2.0",
      "optional": true,
      "os": [
        "linux"
      ],
      "engines": {
        "node": ">=14.21.3"
      }
    },
    "node_modules/@biomejs/cli-linux-arm64-musl": {
      "version": "2.3.0",
      "resolved": "https://registry.npmjs.org/@biomejs/cli-linux-arm64-musl/-/cli-linux-arm64-musl-2.3.0.tgz",
      "integrity": "sha512-nDksoFdwZ2YrE7NiYDhtMhL2UgFn8Kb7Y0bYvnTAakHnqEdb4lKindtBc1f+xg2Snz0JQhJUYO7r9CDBosRU5w==",
      "cpu": [
        "arm64"
      ],
      "dev": true,
      "license": "MIT OR Apache-2.0",
      "optional": true,
      "os": [
        "linux"
      ],
      "engines": {
        "node": ">=14.21.3"
      }
    },
    "node_modules/@biomejs/cli-linux-x64": {
      "version": "2.3.0",
      "resolved": "https://registry.npmjs.org/@biomejs/cli-linux-x64/-/cli-linux-x64-2.3.0.tgz",
      "integrity": "sha512-uxa8reA2s1VgoH8MhbGlCmMOt3JuSE1vJBifkh1ulaPiuk0SPx8cCdpnm9NWnTe2x/LfWInWx4sZ7muaXTPGGw==",
      "cpu": [
        "x64"
      ],
      "dev": true,
      "license": "MIT OR Apache-2.0",
      "optional": true,
      "os": [
        "linux"
      ],
      "engines": {
        "node": ">=14.21.3"
      }
    },
    "node_modules/@biomejs/cli-linux-x64-musl": {
      "version": "2.3.0",
      "resolved": "https://registry.npmjs.org/@biomejs/cli-linux-x64-musl/-/cli-linux-x64-musl-2.3.0.tgz",
      "integrity": "sha512-+i9UcJwl99uAhtRQDz9jUAh+Xkb097eekxs/D9j4deWDg5/yB/jPWzISe1nBHvlzTXsdUSj0VvB4Go2DSpKIMw==",
      "cpu": [
        "x64"
      ],
      "dev": true,
      "license": "MIT OR Apache-2.0",
      "optional": true,
      "os": [
        "linux"
      ],
      "engines": {
        "node": ">=14.21.3"
      }
    },
    "node_modules/@biomejs/cli-win32-arm64": {
      "version": "2.3.0",
      "resolved": "https://registry.npmjs.org/@biomejs/cli-win32-arm64/-/cli-win32-arm64-2.3.0.tgz",
      "integrity": "sha512-ynjmsJLIKrAjC3CCnKMMhzcnNy8dbQWjKfSU5YA0mIruTxBNMbkAJp+Pr2iV7/hFou+66ZSD/WV8hmLEmhUaXA==",
      "cpu": [
        "arm64"
      ],
      "dev": true,
      "license": "MIT OR Apache-2.0",
      "optional": true,
      "os": [
        "win32"
      ],
      "engines": {
        "node": ">=14.21.3"
      }
    },
    "node_modules/@biomejs/cli-win32-x64": {
      "version": "2.3.0",
      "resolved": "https://registry.npmjs.org/@biomejs/cli-win32-x64/-/cli-win32-x64-2.3.0.tgz",
      "integrity": "sha512-zOCYmCRVkWXc9v8P7OLbLlGGMxQTKMvi+5IC4v7O8DkjLCOHRzRVK/Lno2pGZNo0lzKM60pcQOhH8HVkXMQdFg==",
      "cpu": [
        "x64"
      ],
      "dev": true,
      "license": "MIT OR Apache-2.0",
      "optional": true,
      "os": [
        "win32"
      ],
      "engines": {
        "node": ">=14.21.3"
      }
    },
    "node_modules/@idiolect/schema": {
      "resolved": "packages/schema",
      "link": true
    },
    "node_modules/@types/bun": {
      "version": "1.2.2",
      "resolved": "https://registry.npmjs.org/@types/bun/-/bun-1.2.2.tgz",
      "integrity": "sha512-tr74gdku+AEDN5ergNiBnplr7hpDp3V1h7fqI2GcR/rsUaM39jpSeKH0TFibRvU0KwniRx5POgaYnaXbk0hU+w==",
      "dev": true,
      "license": "MIT",
      "dependencies": {
        "bun-types": "1.2.2"
      }
    },
    "node_modules/@types/node": {
      "version": "25.6.0",
      "resolved": "https://registry.npmjs.org/@types/node/-/node-25.6.0.tgz",
      "integrity": "sha512-+qIYRKdNYJwY3vRCZMdJbPLJAtGjQBudzZzdzwQYkEPQd+PJGixUL5QfvCLDaULoLv+RhT3LDkwEfKaAkgSmNQ==",
      "dev": true,
      "license": "MIT",
      "dependencies": {
        "undici-types": "~7.19.0"
      }
    },
    "node_modules/@types/ws": {
      "version": "8.5.14",
      "resolved": "https://registry.npmjs.org/@types/ws/-/ws-8.5.14.tgz",
      "integrity": "sha512-bd/YFLW+URhBzMXurx7lWByOu+xzU9+kb3RboOteXYDfW+tr+JZa99OyNmPINEGB/ahzKrEuc8rcv4gnpJmxTw==",
      "dev": true,
      "license": "MIT",
      "dependencies": {
        "@types/node": "*"
      }
    },
    "node_modules/bun-types": {
      "version": "1.2.2",
      "resolved": "https://registry.npmjs.org/bun-types/-/bun-types-1.2.2.tgz",
      "integrity": "sha512-RCbMH5elr9gjgDGDhkTTugA21XtJAy/9jkKe/G3WR2q17VPGhcquf9Sir6uay9iW+7P/BV0CAHA1XlHXMAVKHg==",
      "dev": true,
      "license": "MIT",
      "dependencies": {
        "@types/node": "*",
        "@types/ws": "~8.5.10"
      }
    },
    "node_modules/iso-datestring-validator": {
      "version": "2.2.2",
      "resolved": "https://registry.npmjs.org/iso-datestring-validator/-/iso-datestring-validator-2.2.2.tgz",
      "integrity": "sha512-yLEMkBbLZTlVQqOnQ4FiMujR6T4DEcCb1xizmvXS+OxuhwcbtynoosRzdMA69zZCShCNAbi+gJ71FxZBBXx1SA==",
      "license": "MIT"
    },
    "node_modules/multiformats": {
      "version": "9.9.0",
      "resolved": "https://registry.npmjs.org/multiformats/-/multiformats-9.9.0.tgz",
      "integrity": "sha512-HoMUjhH9T8DDBNT+6xzkrd9ga/XiBI4xLr58LJACwK6G3HTOPeMz4nB4KJs33L2BelrIJa7P0VuNaVF3hMYfjg==",
      "license": "(Apache-2.0 AND MIT)"
    },
    "node_modules/tslib": {
      "version": "2.8.1",
      "resolved": "https://registry.npmjs.org/tslib/-/tslib-2.8.1.tgz",
      "integrity": "sha512-oJFu94HQb+KVduSUQL7wnpmqnfmLsOA/nAh6b6EH0wCEoK0/mPeXU6c3wKDV83MkOuHPRHtSXKKU99IBazS/2w==",
      "license": "0BSD"
    },
    "node_modules/typescript": {
      "version": "5.7.3",
      "resolved": "https://registry.npmjs.org/typescript/-/typescript-5.7.3.tgz",
      "integrity": "sha512-84MVSjMEHP+FQRPy3pX9sTVV/INIex71s9TL2Gm5FG/WG1SqXeKyZ0k7/blY/4FdOzI12CBy1vGc4og/eus0fw==",
      "dev": true,
      "license": "Apache-2.0",
      "bin": {
        "tsc": "bin/tsc",
        "tsserver": "bin/tsserver"
      },
      "engines": {
        "node": ">=14.17"
      }
    },
    "node_modules/uint8arrays": {
      "version": "3.0.0",
      "resolved": "https://registry.npmjs.org/uint8arrays/-/uint8arrays-3.0.0.tgz",
      "integrity": "sha512-HRCx0q6O9Bfbp+HHSfQQKD7wU70+lydKVt4EghkdOvlK/NlrF90z+eXV34mUd48rNvVJXwkrMSPpCATkct8fJA==",
      "license": "MIT",
      "dependencies": {
        "multiformats": "^9.4.2"
      }
    },
    "node_modules/undici-types": {
      "version": "7.19.2",
      "resolved": "https://registry.npmjs.org/undici-types/-/undici-types-7.19.2.tgz",
      "integrity": "sha512-qYVnV5OEm2AW8cJMCpdV20CDyaN3g0AjDlOGf1OW4iaDEx8MwdtChUp4zu4H0VP3nDRF/8RKWH+IPp9uW0YGZg==",
      "dev": true,
      "license": "MIT"
    },
    "node_modules/unicode-segmenter": {
      "version": "0.14.5",
      "resolved": "https://registry.npmjs.org/unicode-segmenter/-/unicode-segmenter-0.14.5.tgz",
      "integrity": "sha512-jHGmj2LUuqDcX3hqY12Ql+uhUTn8huuxNZGq7GvtF6bSybzH3aFgedYu/KTzQStEgt1Ra2F3HxadNXsNjb3m3g==",
      "license": "MIT"
    },
    "node_modules/zod": {
      "version": "3.25.76",
      "resolved": "https://registry.npmjs.org/zod/-/zod-3.25.76.tgz",
      "integrity": "sha512-gzUt/qt81nXsFGKIFcC3YnfEAx5NkunCfnDlvuBSSFS02bcXu4Lmea0AFIUwbLWxWPx3d9p8S5QoaujKcNQxcQ==",
      "license": "MIT",
      "funding": {
        "url": "https://github.com/sponsors/colinhacks"
      }
    },
    "packages/schema": {
      "name": "@idiolect/schema",
      "version": "0.1.0",
      "license": "MIT",
      "dependencies": {
        "@atproto/lexicon": "0.4.8",
        "@atproto/syntax": "0.3.4"
      },
      "devDependencies": {
        "@types/bun": "1.2.2",
        "typescript": "5.7.3"
      },
      "peerDependencies": {
        "typescript": ">=5.5"
      }
    }
  }
}
